{
  "name": "daveyp",
  "version": "1.0.0",
  "lockfileVersion": 2,
  "requires": true,
  "packages": {
    "": {
      "name": "daveyp",
      "version": "1.0.0",
      "license": "MIT",
      "dependencies": {
        "mdb-ui-kit": "^3.10.2"
      },
      "devDependencies": {
        "prettier": "2.5.1"
      }
    },
    "node_modules/mdb-ui-kit": {
      "version": "3.10.2",
      "resolved": "https://registry.npmjs.org/mdb-ui-kit/-/mdb-ui-kit-3.10.2.tgz",
      "integrity": "sha512-XiLNyf0Z04CoyvfbG3bQBMsib+yIGYnEoWCbKUC+QcdbUe/mM7yqeIfekKMgGhBZ1mj7nDt1nIKODmAP7gJFFA=="
    },
    "node_modules/prettier": {
      "version": "2.5.1",
      "resolved": "https://registry.npmjs.org/prettier/-/prettier-2.5.1.tgz",
      "integrity": "sha512-vBZcPRUR5MZJwoyi3ZoyQlc1rXeEck8KgeC9AwwOn+exuxLxq5toTRDTSaVrXHxelDMHy9zlicw8u66yxoSUFg==",
      "dev": true,
      "bin": {
        "prettier": "bin-prettier.js"
      },
      "engines": {
        "node": ">=10.13.0"
      }
    }
  },
  "dependencies": {
    "mdb-ui-kit": {
      "version": "3.10.2",
      "resolved": "https://registry.npmjs.org/mdb-ui-kit/-/mdb-ui-kit-3.10.2.tgz",
      "integrity": "sha512-XiLNyf0Z04CoyvfbG3bQBMsib+yIGYnEoWCbKUC+QcdbUe/mM7yqeIfekKMgGhBZ1mj7nDt1nIKODmAP7gJFFA=="
    },
    "prettier": {
      "version": "2.5.1",
      "resolved": "https://registry.npmjs.org/prettier/-/prettier-2.5.1.tgz",
      "integrity": "sha512-vBZcPRUR5MZJwoyi3ZoyQlc1rXeEck8KgeC9AwwOn+exuxLxq5toTRDTSaVrXHxelDMHy9zlicw8u66yxoSUFg==",
      "dev": true
    }
  }
}
